
Microsoft Visual Studio Solution File, Format Version 12.00
# Visual Studio Version 17
VisualStudioVersion = 17.6.33829.357
MinimumVisualStudioVersion = 10.0.40219.1
Project("{FAE04EC0-301F-11D3-BF4B-00C04F79EFBC}") = "GameRater", "GameRater.csproj", "{7CEF4BB5-9DA2-4C02-85D6-0066ADE81BB9}"
EndProject
Global
	GlobalSection(SolutionConfigurationPlatforms) = preSolution
		Debug|Any CPU = Debug|Any CPU
		Release|Any CPU = Release|Any CPU
	EndGlobalSection
	GlobalSection(ProjectConfigurationPlatforms) = postSolution
		{7CEF4BB5-9DA2-4C02-85D6-0066ADE81BB9}.Debug|Any CPU.ActiveCfg = Debug|Any CPU
		{7CEF4BB5-9DA2-4C02-85D6-0066ADE81BB9}.Debug|Any CPU.Build.0 = Debug|Any CPU
		{7CEF4BB5-9DA2-4C02-85D6-0066ADE81BB9}.Release|Any CPU.ActiveCfg = Release|Any CPU
		{7CEF4BB5-9DA2-4C02-85D6-0066ADE81BB9}.Release|Any CPU.Build.0 = Release|Any CPU
	EndGlobalSection
	GlobalSection(SolutionProperties) = preSolution
		HideSolutionNode = FALSE
	EndGlobalSection
	GlobalSection(ExtensibilityGlobals) = postSolution
		SolutionGuid = {6323BAAD-9F29-4909-AFF1-15B017358580}
	EndGlobalSection
EndGlobal
